
Microsoft Visual Studio Solution File, Format Version 12.00
# Visual Studio Version 17
VisualStudioVersion = 17.10.34814.14
MinimumVisualStudioVersion = 10.0.40219.1
Project("{9A19103F-16F7-4668-BE54-9A1E7A4F7556}") = "SimpleFlow", "SimpleFlow\SimpleFlow.csproj", "{E0BE722E-79AA-40AD-ADE8-57401E647873}"
EndProject
Project("{FAE04EC0-301F-11D3-BF4B-00C04F79EFBC}") = "WebApiSample", "Samples\WebApiSample\WebApiSample.csproj", "{15CABACE-3DB0-4819-9FBE-C7BF12DDAA0B}"
EndProject
Project("{2150E333-8FDC-42A3-9474-1A3956D46DE8}") = "Samples", "Samples", "{22D68657-B697-4EA6-B30F-8E833EF2D3B4}"
EndProject
Global
	GlobalSection(SolutionConfigurationPlatforms) = preSolution
		Debug|Any CPU = Debug|Any CPU
		Release|Any CPU = Release|Any CPU
	EndGlobalSection
	GlobalSection(ProjectConfigurationPlatforms) = postSolution
		{E0BE722E-79AA-40AD-ADE8-57401E647873}.Debug|Any CPU.ActiveCfg = Debug|Any CPU
		{E0BE722E-79AA-40AD-ADE8-57401E647873}.Debug|Any CPU.Build.0 = Debug|Any CPU
		{E0BE722E-79AA-40AD-ADE8-57401E647873}.Release|Any CPU.ActiveCfg = Release|Any CPU
		{E0BE722E-79AA-40AD-ADE8-57401E647873}.Release|Any CPU.Build.0 = Release|Any CPU
		{15CABACE-3DB0-4819-9FBE-C7BF12DDAA0B}.Debug|Any CPU.ActiveCfg = Debug|Any CPU
		{15CABACE-3DB0-4819-9FBE-C7BF12DDAA0B}.Debug|Any CPU.Build.0 = Debug|Any CPU
		{15CABACE-3DB0-4819-9FBE-C7BF12DDAA0B}.Release|Any CPU.ActiveCfg = Release|Any CPU
		{15CABACE-3DB0-4819-9FBE-C7BF12DDAA0B}.Release|Any CPU.Build.0 = Release|Any CPU
	EndGlobalSection
	GlobalSection(SolutionProperties) = preSolution
		HideSolutionNode = FALSE
	EndGlobalSection
	GlobalSection(NestedProjects) = preSolution
		{15CABACE-3DB0-4819-9FBE-C7BF12DDAA0B} = {22D68657-B697-4EA6-B30F-8E833EF2D3B4}
	EndGlobalSection
	GlobalSection(ExtensibilityGlobals) = postSolution
		SolutionGuid = {8297D901-A33D-4D2E-9FF7-02B803A6B3EC}
	EndGlobalSection
EndGlobal
